
Microsoft Visual Studio Solution File, Format Version 10.00
# Visual C# Express 2008
Project("{FAE04EC0-301F-11D3-BF4B-00C04F79EFBC}") = "DressingRoom", "DressingRoom\DressingRoom.csproj", "{FFC6D172-B78C-4F02-A079-702CD9EEF09F}"
EndProject
Project("{FAE04EC0-301F-11D3-BF4B-00C04F79EFBC}") = "Textile.UnitTests", "Textile.UnitTests\Textile.UnitTests.csproj", "{3A8B4C7E-1826-471F-A32A-228225804935}"
EndProject
Project("{FAE04EC0-301F-11D3-BF4B-00C04F79EFBC}") = "Textile", "Textile\Textile.csproj", "{AFC58756-7FB5-47F2-8E54-91828E92AE6A}"
EndProject
Global
	GlobalSection(SolutionConfigurationPlatforms) = preSolution
		Debug|Any CPU = Debug|Any CPU
		Release|Any CPU = Release|Any CPU
	EndGlobalSection
	GlobalSection(ProjectConfigurationPlatforms) = postSolution
		{FFC6D172-B78C-4F02-A079-702CD9EEF09F}.Debug|Any CPU.ActiveCfg = Debug|Any CPU
		{FFC6D172-B78C-4F02-A079-702CD9EEF09F}.Debug|Any CPU.Build.0 = Debug|Any CPU
		{FFC6D172-B78C-4F02-A079-702CD9EEF09F}.Release|Any CPU.ActiveCfg = Release|Any CPU
		{FFC6D172-B78C-4F02-A079-702CD9EEF09F}.Release|Any CPU.Build.0 = Release|Any CPU
		{3A8B4C7E-1826-471F-A32A-228225804935}.Debug|Any CPU.ActiveCfg = Debug|Any CPU
		{3A8B4C7E-1826-471F-A32A-228225804935}.Debug|Any CPU.Build.0 = Debug|Any CPU
		{3A8B4C7E-1826-471F-A32A-228225804935}.Release|Any CPU.ActiveCfg = Release|Any CPU
		{3A8B4C7E-1826-471F-A32A-228225804935}.Release|Any CPU.Build.0 = Release|Any CPU
		{AFC58756-7FB5-47F2-8E54-91828E92AE6A}.Debug|Any CPU.ActiveCfg = Debug|Any CPU
		{AFC58756-7FB5-47F2-8E54-91828E92AE6A}.Debug|Any CPU.Build.0 = Debug|Any CPU
		{AFC58756-7FB5-47F2-8E54-91828E92AE6A}.Release|Any CPU.ActiveCfg = Release|Any CPU
		{AFC58756-7FB5-47F2-8E54-91828E92AE6A}.Release|Any CPU.Build.0 = Release|Any CPU
	EndGlobalSection
	GlobalSection(SolutionProperties) = preSolution
		HideSolutionNode = FALSE
	EndGlobalSection
	GlobalSection(TestCaseManagementSettings) = postSolution
		CategoryFile = Textile.vsmdi
	EndGlobalSection
EndGlobal
